
Microsoft Visual Studio Solution File, Format Version 12.00
# Visual Studio 14
VisualStudioVersion = 14.0.25123.0
MinimumVisualStudioVersion = 10.0.40219.1
Project("{FAE04EC0-301F-11D3-BF4B-00C04F79EFBC}") = "HotelManage", "HotelManage\HotelManage.csproj", "{0599825E-E3FE-402F-BB1A-0094B29B5656}"
EndProject
Project("{FAE04EC0-301F-11D3-BF4B-00C04F79EFBC}") = "BLL", "BLL\BLL.csproj", "{ECF30C37-AFDE-4E5F-963E-EAF7235B6C25}"
EndProject
Project("{FAE04EC0-301F-11D3-BF4B-00C04F79EFBC}") = "DAL", "dal\DAL.csproj", "{4BF11676-2097-4990-B2BA-9A4D20ADF36A}"
EndProject
Project("{FAE04EC0-301F-11D3-BF4B-00C04F79EFBC}") = "Models", "mODELS\Models.csproj", "{3E1C0F44-3036-4F1D-90B5-8C414F479A3E}"
EndProject
Global
	GlobalSection(SolutionConfigurationPlatforms) = preSolution
		Debug|Any CPU = Debug|Any CPU
		Release|Any CPU = Release|Any CPU
	EndGlobalSection
	GlobalSection(ProjectConfigurationPlatforms) = postSolution
		{0599825E-E3FE-402F-BB1A-0094B29B5656}.Debug|Any CPU.ActiveCfg = Debug|Any CPU
		{0599825E-E3FE-402F-BB1A-0094B29B5656}.Debug|Any CPU.Build.0 = Debug|Any CPU
		{0599825E-E3FE-402F-BB1A-0094B29B5656}.Release|Any CPU.ActiveCfg = Release|Any CPU
		{0599825E-E3FE-402F-BB1A-0094B29B5656}.Release|Any CPU.Build.0 = Release|Any CPU
		{ECF30C37-AFDE-4E5F-963E-EAF7235B6C25}.Debug|Any CPU.ActiveCfg = Debug|Any CPU
		{ECF30C37-AFDE-4E5F-963E-EAF7235B6C25}.Debug|Any CPU.Build.0 = Debug|Any CPU
		{ECF30C37-AFDE-4E5F-963E-EAF7235B6C25}.Release|Any CPU.ActiveCfg = Release|Any CPU
		{ECF30C37-AFDE-4E5F-963E-EAF7235B6C25}.Release|Any CPU.Build.0 = Release|Any CPU
		{4BF11676-2097-4990-B2BA-9A4D20ADF36A}.Debug|Any CPU.ActiveCfg = Debug|Any CPU
		{4BF11676-2097-4990-B2BA-9A4D20ADF36A}.Debug|Any CPU.Build.0 = Debug|Any CPU
		{4BF11676-2097-4990-B2BA-9A4D20ADF36A}.Release|Any CPU.ActiveCfg = Release|Any CPU
		{4BF11676-2097-4990-B2BA-9A4D20ADF36A}.Release|Any CPU.Build.0 = Release|Any CPU
		{3E1C0F44-3036-4F1D-90B5-8C414F479A3E}.Debug|Any CPU.ActiveCfg = Debug|Any CPU
		{3E1C0F44-3036-4F1D-90B5-8C414F479A3E}.Debug|Any CPU.Build.0 = Debug|Any CPU
		{3E1C0F44-3036-4F1D-90B5-8C414F479A3E}.Release|Any CPU.ActiveCfg = Release|Any CPU
		{3E1C0F44-3036-4F1D-90B5-8C414F479A3E}.Release|Any CPU.Build.0 = Release|Any CPU
	EndGlobalSection
	GlobalSection(SolutionProperties) = preSolution
		HideSolutionNode = FALSE
	EndGlobalSection
EndGlobal
